
Microsoft Visual Studio Solution File, Format Version 12.00
# Visual Studio Version 16
VisualStudioVersion = 16.0.31624.102
MinimumVisualStudioVersion = 10.0.40219.1
Project("{FAE04EC0-301F-11D3-BF4B-00C04F79EFBC}") = "APIReact.Web", "APIReact.Web\APIReact.Web.csproj", "{B4E82407-FCFA-453F-A371-FE603E0DA620}"
EndProject
Project("{FAE04EC0-301F-11D3-BF4B-00C04F79EFBC}") = "APIReact.Data", "APIReact.Data\APIReact.Data.csproj", "{1121256A-F8FC-4510-A62B-1A8582CCB3E5}"
EndProject
Global
	GlobalSection(SolutionConfigurationPlatforms) = preSolution
		Debug|Any CPU = Debug|Any CPU
		Release|Any CPU = Release|Any CPU
	EndGlobalSection
	GlobalSection(ProjectConfigurationPlatforms) = postSolution
		{B4E82407-FCFA-453F-A371-FE603E0DA620}.Debug|Any CPU.ActiveCfg = Debug|Any CPU
		{B4E82407-FCFA-453F-A371-FE603E0DA620}.Debug|Any CPU.Build.0 = Debug|Any CPU
		{B4E82407-FCFA-453F-A371-FE603E0DA620}.Release|Any CPU.ActiveCfg = Release|Any CPU
		{B4E82407-FCFA-453F-A371-FE603E0DA620}.Release|Any CPU.Build.0 = Release|Any CPU
		{1121256A-F8FC-4510-A62B-1A8582CCB3E5}.Debug|Any CPU.ActiveCfg = Debug|Any CPU
		{1121256A-F8FC-4510-A62B-1A8582CCB3E5}.Debug|Any CPU.Build.0 = Debug|Any CPU
		{1121256A-F8FC-4510-A62B-1A8582CCB3E5}.Release|Any CPU.ActiveCfg = Release|Any CPU
		{1121256A-F8FC-4510-A62B-1A8582CCB3E5}.Release|Any CPU.Build.0 = Release|Any CPU
	EndGlobalSection
	GlobalSection(SolutionProperties) = preSolution
		HideSolutionNode = FALSE
	EndGlobalSection
	GlobalSection(ExtensibilityGlobals) = postSolution
		SolutionGuid = {0B4EBDFD-E17C-4F15-A8C9-02EAE6F780D9}
	EndGlobalSection
EndGlobal
